// !$*UTF8*$!
{
	archiveVersion = 1;
	classes = {
	};
	objectVersion = 56;
	objects = {

/* Begin PBXBuildFile section */
		F602B69D2912FE1800B6F26D /* FriendsCell.swift in Sources */ = {isa = PBXBuildFile; fileRef = F602B69C2912FE1800B6F26D /* FriendsCell.swift */; };
		F602B6A02913049400B6F26D /* Friends.swift in Sources */ = {isa = PBXBuildFile; fileRef = F602B69F2913049400B6F26D /* Friends.swift */; };
		F612BA0729182643005ABA08 /* FriendPageController.swift in Sources */ = {isa = PBXBuildFile; fileRef = F612BA0629182643005ABA08 /* FriendPageController.swift */; };
		F612BA092918265B005ABA08 /* FriendPageCell.swift in Sources */ = {isa = PBXBuildFile; fileRef = F612BA082918265B005ABA08 /* FriendPageCell.swift */; };
		F617D2BA2931315D004EA17D /* NewsViewController.swift in Sources */ = {isa = PBXBuildFile; fileRef = F617D2B92931315D004EA17D /* NewsViewController.swift */; };
		F617D2BC2931345B004EA17D /* News.swift in Sources */ = {isa = PBXBuildFile; fileRef = F617D2BB2931345B004EA17D /* News.swift */; };
		F617D2BF293140C8004EA17D /* NewsViewCell.swift in Sources */ = {isa = PBXBuildFile; fileRef = F617D2BD293140C8004EA17D /* NewsViewCell.swift */; };
		F617D2C0293140C8004EA17D /* NewsCell.xib in Resources */ = {isa = PBXBuildFile; fileRef = F617D2BE293140C8004EA17D /* NewsCell.xib */; };
		F617D981291457B90089FD9A /* GroupsViewController.swift in Sources */ = {isa = PBXBuildFile; fileRef = F617D980291457B90089FD9A /* GroupsViewController.swift */; };
		F617D986291458830089FD9A /* MyGroupsViewController.swift in Sources */ = {isa = PBXBuildFile; fileRef = F617D985291458830089FD9A /* MyGroupsViewController.swift */; };
		F617D988291458FA0089FD9A /* GroupsCell.swift in Sources */ = {isa = PBXBuildFile; fileRef = F617D987291458FA0089FD9A /* GroupsCell.swift */; };
		F617D98A2914591F0089FD9A /* MyGroupsCell.swift in Sources */ = {isa = PBXBuildFile; fileRef = F617D9892914591F0089FD9A /* MyGroupsCell.swift */; };
		F617D98C291468A50089FD9A /* Groups.swift in Sources */ = {isa = PBXBuildFile; fileRef = F617D98B291468A50089FD9A /* Groups.swift */; };
		F62525282920158E00C357D9 /* ShadowView.swift in Sources */ = {isa = PBXBuildFile; fileRef = F62525272920158E00C357D9 /* ShadowView.swift */; };
		F625252A2920238D00C357D9 /* RoundedView.swift in Sources */ = {isa = PBXBuildFile; fileRef = F62525292920238D00C357D9 /* RoundedView.swift */; };
		F6252530292062F700C357D9 /* LikeControl.swift in Sources */ = {isa = PBXBuildFile; fileRef = F625252F292062F700C357D9 /* LikeControl.swift */; };
		F62525322920669800C357D9 /* ContentFriendPageCell.swift in Sources */ = {isa = PBXBuildFile; fileRef = F62525312920669800C357D9 /* ContentFriendPageCell.swift */; };
		F62DD41429004090008FD48C /* AppDelegate.swift in Sources */ = {isa = PBXBuildFile; fileRef = F62DD41329004090008FD48C /* AppDelegate.swift */; };
		F62DD41629004090008FD48C /* SceneDelegate.swift in Sources */ = {isa = PBXBuildFile; fileRef = F62DD41529004090008FD48C /* SceneDelegate.swift */; };
		F62DD41829004090008FD48C /* LoginViewController.swift in Sources */ = {isa = PBXBuildFile; fileRef = F62DD41729004090008FD48C /* LoginViewController.swift */; };
		F62DD41B29004090008FD48C /* Main.storyboard in Resources */ = {isa = PBXBuildFile; fileRef = F62DD41929004090008FD48C /* Main.storyboard */; };
		F62DD41D29004090008FD48C /* Assets.xcassets in Resources */ = {isa = PBXBuildFile; fileRef = F62DD41C29004090008FD48C /* Assets.xcassets */; };
		F62DD42029004090008FD48C /* LaunchScreen.storyboard in Resources */ = {isa = PBXBuildFile; fileRef = F62DD41E29004090008FD48C /* LaunchScreen.storyboard */; };
		F63EA66A2937E7670044076E /* Session.swift in Sources */ = {isa = PBXBuildFile; fileRef = F63EA6692937E7670044076E /* Session.swift */; };
		F64B71D52908173A00A44C6D /* TabBarController.swift in Sources */ = {isa = PBXBuildFile; fileRef = F64B71D42908173A00A44C6D /* TabBarController.swift */; };
		F6CACF002932CA460060413B /* AnimViewController.swift in Sources */ = {isa = PBXBuildFile; fileRef = F6CACEFF2932CA460060413B /* AnimViewController.swift */; };
		F6FE7D9C290980C8004A8B91 /* FriendsViewController.swift in Sources */ = {isa = PBXBuildFile; fileRef = F6FE7D9B290980C8004A8B91 /* FriendsViewController.swift */; };
/* End PBXBuildFile section */

/* Begin PBXFileReference section */
		F602B69C2912FE1800B6F26D /* FriendsCell.swift */ = {isa = PBXFileReference; lastKnownFileType = sourcecode.swift; path = FriendsCell.swift; sourceTree = "<group>"; };
		F602B69F2913049400B6F26D /* Friends.swift */ = {isa = PBXFileReference; lastKnownFileType = sourcecode.swift; path = Friends.swift; sourceTree = "<group>"; };
		F612BA0629182643005ABA08 /* FriendPageController.swift */ = {isa = PBXFileReference; lastKnownFileType = sourcecode.swift; path = FriendPageController.swift; sourceTree = "<group>"; };
		F612BA082918265B005ABA08 /* FriendPageCell.swift */ = {isa = PBXFileReference; lastKnownFileType = sourcecode.swift; path = FriendPageCell.swift; sourceTree = "<group>"; };
		F617D2B92931315D004EA17D /* NewsViewController.swift */ = {isa = PBXFileReference; lastKnownFileType = sourcecode.swift; name = NewsViewController.swift; path = FirstProject/NewsViewController.swift; sourceTree = SOURCE_ROOT; };
		F617D2BB2931345B004EA17D /* News.swift */ = {isa = PBXFileReference; lastKnownFileType = sourcecode.swift; name = News.swift; path = FirstProject/Controllers/News.swift; sourceTree = SOURCE_ROOT; };
		F617D2BD293140C8004EA17D /* NewsViewCell.swift */ = {isa = PBXFileReference; lastKnownFileType = sourcecode.swift; name = NewsViewCell.swift; path = FirstProject/NewsViewCell.swift; sourceTree = SOURCE_ROOT; };
		F617D2BE293140C8004EA17D /* NewsCell.xib */ = {isa = PBXFileReference; lastKnownFileType = file.xib; name = NewsCell.xib; path = FirstProject/NewsCell.xib; sourceTree = SOURCE_ROOT; };
		F617D980291457B90089FD9A /* GroupsViewController.swift */ = {isa = PBXFileReference; lastKnownFileType = sourcecode.swift; path = GroupsViewController.swift; sourceTree = "<group>"; };
		F617D985291458830089FD9A /* MyGroupsViewController.swift */ = {isa = PBXFileReference; lastKnownFileType = sourcecode.swift; path = MyGroupsViewController.swift; sourceTree = "<group>"; };
		F617D987291458FA0089FD9A /* GroupsCell.swift */ = {isa = PBXFileReference; lastKnownFileType = sourcecode.swift; path = GroupsCell.swift; sourceTree = "<group>"; };
		F617D9892914591F0089FD9A /* MyGroupsCell.swift */ = {isa = PBXFileReference; lastKnownFileType = sourcecode.swift; path = MyGroupsCell.swift; sourceTree = "<group>"; };
		F617D98B291468A50089FD9A /* Groups.swift */ = {isa = PBXFileReference; lastKnownFileType = sourcecode.swift; path = Groups.swift; sourceTree = "<group>"; };
		F62525272920158E00C357D9 /* ShadowView.swift */ = {isa = PBXFileReference; lastKnownFileType = sourcecode.swift; path = ShadowView.swift; sourceTree = "<group>"; };
		F62525292920238D00C357D9 /* RoundedView.swift */ = {isa = PBXFileReference; lastKnownFileType = sourcecode.swift; path = RoundedView.swift; sourceTree = "<group>"; };
		F625252F292062F700C357D9 /* LikeControl.swift */ = {isa = PBXFileReference; lastKnownFileType = sourcecode.swift; name = LikeControl.swift; path = ../../LikeControl.swift; sourceTree = "<group>"; };
		F62525312920669800C357D9 /* ContentFriendPageCell.swift */ = {isa = PBXFileReference; lastKnownFileType = sourcecode.swift; path = ContentFriendPageCell.swift; sourceTree = "<group>"; };
		F62DD41029004090008FD48C /* FirstProject.app */ = {isa = PBXFileReference; explicitFileType = wrapper.application; includeInIndex = 0; path = FirstProject.app; sourceTree = BUILT_PRODUCTS_DIR; };
		F62DD41329004090008FD48C /* AppDelegate.swift */ = {isa = PBXFileReference; lastKnownFileType = sourcecode.swift; path = AppDelegate.swift; sourceTree = "<group>"; };
		F62DD41529004090008FD48C /* SceneDelegate.swift */ = {isa = PBXFileReference; lastKnownFileType = sourcecode.swift; path = SceneDelegate.swift; sourceTree = "<group>"; };
		F62DD41729004090008FD48C /* LoginViewController.swift */ = {isa = PBXFileReference; lastKnownFileType = sourcecode.swift; path = LoginViewController.swift; sourceTree = "<group>"; };
		F62DD41A29004090008FD48C /* Base */ = {isa = PBXFileReference; lastKnownFileType = file.storyboard; name = Base; path = Base.lproj/Main.storyboard; sourceTree = "<group>"; };
		F62DD41C29004090008FD48C /* Assets.xcassets */ = {isa = PBXFileReference; lastKnownFileType = folder.assetcatalog; path = Assets.xcassets; sourceTree = "<group>"; };
		F62DD41F29004090008FD48C /* Base */ = {isa = PBXFileReference; lastKnownFileType = file.storyboard; name = Base; path = Base.lproj/LaunchScreen.storyboard; sourceTree = "<group>"; };
		F62DD42129004090008FD48C /* Info.plist */ = {isa = PBXFileReference; lastKnownFileType = text.plist.xml; path = Info.plist; sourceTree = "<group>"; };
		F63EA6692937E7670044076E /* Session.swift */ = {isa = PBXFileReference; lastKnownFileType = sourcecode.swift; path = Session.swift; sourceTree = "<group>"; };
		F64B71D42908173A00A44C6D /* TabBarController.swift */ = {isa = PBXFileReference; lastKnownFileType = sourcecode.swift; path = TabBarController.swift; sourceTree = "<group>"; };
		F6CACEFF2932CA460060413B /* AnimViewController.swift */ = {isa = PBXFileReference; lastKnownFileType = sourcecode.swift; path = AnimViewController.swift; sourceTree = "<group>"; };
		F6FE7D9B290980C8004A8B91 /* FriendsViewController.swift */ = {isa = PBXFileReference; lastKnownFileType = sourcecode.swift; path = FriendsViewController.swift; sourceTree = "<group>"; };
/* End PBXFileReference section */

/* Begin PBXFrameworksBuildPhase section */
		F62DD40D29004090008FD48C /* Frameworks */ = {
			isa = PBXFrameworksBuildPhase;
			buildActionMask = 2147483647;
			files = (
			);
			runOnlyForDeploymentPostprocessing = 0;
		};
/* End PBXFrameworksBuildPhase section */

/* Begin PBXGroup section */
		F612BA0429181D6D005ABA08 /* Controllers */ = {
			isa = PBXGroup;
			children = (
				F617D2B92931315D004EA17D /* NewsViewController.swift */,
				F6FE7D9B290980C8004A8B91 /* FriendsViewController.swift */,
				F617D985291458830089FD9A /* MyGroupsViewController.swift */,
				F617D980291457B90089FD9A /* GroupsViewController.swift */,
				F612BA0629182643005ABA08 /* FriendPageController.swift */,
			);
			path = Controllers;
			sourceTree = "<group>";
		};
		F612BA0529181DA4005ABA08 /* View */ = {
			isa = PBXGroup;
			children = (
				F617D2BD293140C8004EA17D /* NewsViewCell.swift */,
				F617D2BE293140C8004EA17D /* NewsCell.xib */,
				F625252F292062F700C357D9 /* LikeControl.swift */,
				F62525272920158E00C357D9 /* ShadowView.swift */,
				F62525292920238D00C357D9 /* RoundedView.swift */,
				F617D987291458FA0089FD9A /* GroupsCell.swift */,
				F617D9892914591F0089FD9A /* MyGroupsCell.swift */,
				F602B69C2912FE1800B6F26D /* FriendsCell.swift */,
				F612BA082918265B005ABA08 /* FriendPageCell.swift */,
				F62525312920669800C357D9 /* ContentFriendPageCell.swift */,
			);
			path = View;
			sourceTree = "<group>";
		};
		F617D982291457BD0089FD9A /* Models */ = {
			isa = PBXGroup;
			children = (
				F617D2BB2931345B004EA17D /* News.swift */,
				F602B69F2913049400B6F26D /* Friends.swift */,
				F617D98B291468A50089FD9A /* Groups.swift */,
			);
			path = Models;
			sourceTree = "<group>";
		};
		F62DD40729004090008FD48C = {
			isa = PBXGroup;
			children = (
				F62DD41229004090008FD48C /* FirstProject */,
				F62DD41129004090008FD48C /* Products */,
			);
			sourceTree = "<group>";
		};
		F62DD41129004090008FD48C /* Products */ = {
			isa = PBXGroup;
			children = (
				F62DD41029004090008FD48C /* FirstProject.app */,
			);
			name = Products;
			sourceTree = "<group>";
		};
		F62DD41229004090008FD48C /* FirstProject */ = {
			isa = PBXGroup;
			children = (
				F62DD41329004090008FD48C /* AppDelegate.swift */,
				F62DD41529004090008FD48C /* SceneDelegate.swift */,
				F62DD41729004090008FD48C /* LoginViewController.swift */,
				F64B71D42908173A00A44C6D /* TabBarController.swift */,
				F62DD41929004090008FD48C /* Main.storyboard */,
				F63EA6692937E7670044076E /* Session.swift */,
				F6CACEFF2932CA460060413B /* AnimViewController.swift */,
				F612BA0429181D6D005ABA08 /* Controllers */,
				F612BA0529181DA4005ABA08 /* View */,
				F617D982291457BD0089FD9A /* Models */,
				F62DD41C29004090008FD48C /* Assets.xcassets */,
				F62DD41E29004090008FD48C /* LaunchScreen.storyboard */,
				F62DD42129004090008FD48C /* Info.plist */,
			);
			path = FirstProject;
			sourceTree = "<group>";
		};
/* End PBXGroup section */

/* Begin PBXNativeTarget section */
		F62DD40F29004090008FD48C /* FirstProject */ = {
			isa = PBXNativeTarget;
			buildConfigurationList = F62DD42429004090008FD48C /* Build configuration list for PBXNativeTarget "FirstProject" */;
			buildPhases = (
				F62DD40C29004090008FD48C /* Sources */,
				F62DD40D29004090008FD48C /* Frameworks */,
				F62DD40E29004090008FD48C /* Resources */,
			);
			buildRules = (
			);
			dependencies = (
			);
			name = FirstProject;
			productName = FirstProject;
			productReference = F62DD41029004090008FD48C /* FirstProject.app */;
			productType = "com.apple.product-type.application";
		};
/* End PBXNativeTarget section */

/* Begin PBXProject section */
		F62DD40829004090008FD48C /* Project object */ = {
			isa = PBXProject;
			attributes = {
				BuildIndependentTargetsInParallel = 1;
				LastSwiftUpdateCheck = 1400;
				LastUpgradeCheck = 1400;
				TargetAttributes = {
					F62DD40F29004090008FD48C = {
						CreatedOnToolsVersion = 14.0.1;
					};
				};
			};
			buildConfigurationList = F62DD40B29004090008FD48C /* Build configuration list for PBXProject "FirstProject" */;
			compatibilityVersion = "Xcode 14.0";
			developmentRegion = en;
			hasScannedForEncodings = 0;
			knownRegions = (
				en,
				Base,
			);
			mainGroup = F62DD40729004090008FD48C;
			productRefGroup = F62DD41129004090008FD48C /* Products */;
			projectDirPath = "";
			projectRoot = "";
			targets = (
				F62DD40F29004090008FD48C /* FirstProject */,
			);
		};
/* End PBXProject section */

/* Begin PBXResourcesBuildPhase section */
		F62DD40E29004090008FD48C /* Resources */ = {
			isa = PBXResourcesBuildPhase;
			buildActionMask = 2147483647;
			files = (
				F62DD42029004090008FD48C /* LaunchScreen.storyboard in Resources */,
				F62DD41D29004090008FD48C /* Assets.xcassets in Resources */,
				F617D2C0293140C8004EA17D /* NewsCell.xib in Resources */,
				F62DD41B29004090008FD48C /* Main.storyboard in Resources */,
			);
			runOnlyForDeploymentPostprocessing = 0;
		};
/* End PBXResourcesBuildPhase section */

/* Begin PBXSourcesBuildPhase section */
		F62DD40C29004090008FD48C /* Sources */ = {
			isa = PBXSourcesBuildPhase;
			buildActionMask = 2147483647;
			files = (
				F617D98A2914591F0089FD9A /* MyGroupsCell.swift in Sources */,
				F62DD41829004090008FD48C /* LoginViewController.swift in Sources */,
				F602B6A02913049400B6F26D /* Friends.swift in Sources */,
				F602B69D2912FE1800B6F26D /* FriendsCell.swift in Sources */,
				F6FE7D9C290980C8004A8B91 /* FriendsViewController.swift in Sources */,
				F617D988291458FA0089FD9A /* GroupsCell.swift in Sources */,
				F617D981291457B90089FD9A /* GroupsViewController.swift in Sources */,
				F617D2BA2931315D004EA17D /* NewsViewController.swift in Sources */,
				F612BA0729182643005ABA08 /* FriendPageController.swift in Sources */,
				F6CACF002932CA460060413B /* AnimViewController.swift in Sources */,
				F64B71D52908173A00A44C6D /* TabBarController.swift in Sources */,
				F617D2BF293140C8004EA17D /* NewsViewCell.swift in Sources */,
				F617D986291458830089FD9A /* MyGroupsViewController.swift in Sources */,
				F6252530292062F700C357D9 /* LikeControl.swift in Sources */,
				F62DD41429004090008FD48C /* AppDelegate.swift in Sources */,
				F62DD41629004090008FD48C /* SceneDelegate.swift in Sources */,
				F62525322920669800C357D9 /* ContentFriendPageCell.swift in Sources */,
				F612BA092918265B005ABA08 /* FriendPageCell.swift in Sources */,
				F625252A2920238D00C357D9 /* RoundedView.swift in Sources */,
				F63EA66A2937E7670044076E /* Session.swift in Sources */,
				F62525282920158E00C357D9 /* ShadowView.swift in Sources */,
				F617D2BC2931345B004EA17D /* News.swift in Sources */,
				F617D98C291468A50089FD9A /* Groups.swift in Sources */,
			);
			runOnlyForDeploymentPostprocessing = 0;
		};
/* End PBXSourcesBuildPhase section */

/* Begin PBXVariantGroup section */
		F62DD41929004090008FD48C /* Main.storyboard */ = {
			isa = PBXVariantGroup;
			children = (
				F62DD41A29004090008FD48C /* Base */,
			);
			name = Main.storyboard;
			sourceTree = "<group>";
		};
		F62DD41E29004090008FD48C /* LaunchScreen.storyboard */ = {
			isa = PBXVariantGroup;
			children = (
				F62DD41F29004090008FD48C /* Base */,
			);
			name = LaunchScreen.storyboard;
			sourceTree = "<group>";
		};
/* End PBXVariantGroup section */

/* Begin XCBuildConfiguration section */
		F62DD42229004090008FD48C /* Debug */ = {
			isa = XCBuildConfiguration;
			buildSettings = {
				ALWAYS_SEARCH_USER_PATHS = NO;
				CLANG_ANALYZER_NONNULL = YES;
				CLANG_ANALYZER_NUMBER_OBJECT_CONVERSION = YES_AGGRESSIVE;
				CLANG_CXX_LANGUAGE_STANDARD = "gnu++20";
				CLANG_ENABLE_MODULES = YES;
				CLANG_ENABLE_OBJC_ARC = YES;
				CLANG_ENABLE_OBJC_WEAK = YES;
				CLANG_WARN_BLOCK_CAPTURE_AUTORELEASING = YES;
				CLANG_WARN_BOOL_CONVERSION = YES;
				CLANG_WARN_COMMA = YES;
				CLANG_WARN_CONSTANT_CONVERSION = YES;
				CLANG_WARN_DEPRECATED_OBJC_IMPLEMENTATIONS = YES;
				CLANG_WARN_DIRECT_OBJC_ISA_USAGE = YES_ERROR;
				CLANG_WARN_DOCUMENTATION_COMMENTS = YES;
				CLANG_WARN_EMPTY_BODY = YES;
				CLANG_WARN_ENUM_CONVERSION = YES;
				CLANG_WARN_INFINITE_RECURSION = YES;
				CLANG_WARN_INT_CONVERSION = YES;
				CLANG_WARN_NON_LITERAL_NULL_CONVERSION = YES;
				CLANG_WARN_OBJC_IMPLICIT_RETAIN_SELF = YES;
				CLANG_WARN_OBJC_LITERAL_CONVERSION = YES;
				CLANG_WARN_OBJC_ROOT_CLASS = YES_ERROR;
				CLANG_WARN_QUOTED_INCLUDE_IN_FRAMEWORK_HEADER = YES;
				CLANG_WARN_RANGE_LOOP_ANALYSIS = YES;
				CLANG_WARN_STRICT_PROTOTYPES = YES;
				CLANG_WARN_SUSPICIOUS_MOVE = YES;
				CLANG_WARN_UNGUARDED_AVAILABILITY = YES_AGGRESSIVE;
				CLANG_WARN_UNREACHABLE_CODE = YES;
				CLANG_WARN__DUPLICATE_METHOD_MATCH = YES;
				COPY_PHASE_STRIP = NO;
				DEBUG_INFORMATION_FORMAT = dwarf;
				ENABLE_STRICT_OBJC_MSGSEND = YES;
				ENABLE_TESTABILITY = YES;
				GCC_C_LANGUAGE_STANDARD = gnu11;
				GCC_DYNAMIC_NO_PIC = NO;
				GCC_NO_COMMON_BLOCKS = YES;
				GCC_OPTIMIZATION_LEVEL = 0;
				GCC_PREPROCESSOR_DEFINITIONS = (
					"DEBUG=1",
					"$(inherited)",
				);
				GCC_WARN_64_TO_32_BIT_CONVERSION = YES;
				GCC_WARN_ABOUT_RETURN_TYPE = YES_ERROR;
				GCC_WARN_UNDECLARED_SELECTOR = YES;
				GCC_WARN_UNINITIALIZED_AUTOS = YES_AGGRESSIVE;
				GCC_WARN_UNUSED_FUNCTION = YES;
				GCC_WARN_UNUSED_VARIABLE = YES;
				IPHONEOS_DEPLOYMENT_TARGET = 16.0;
				MTL_ENABLE_DEBUG_INFO = INCLUDE_SOURCE;
				MTL_FAST_MATH = YES;
				ONLY_ACTIVE_ARCH = YES;
				SDKROOT = iphoneos;
				SWIFT_ACTIVE_COMPILATION_CONDITIONS = DEBUG;
				SWIFT_OPTIMIZATION_LEVEL = "-Onone";
			};
			name = Debug;
		};
		F62DD42329004090008FD48C /* Release */ = {
			isa = XCBuildConfiguration;
			buildSettings = {
				ALWAYS_SEARCH_USER_PATHS = NO;
				CLANG_ANALYZER_NONNULL = YES;
				CLANG_ANALYZER_NUMBER_OBJECT_CONVERSION = YES_AGGRESSIVE;
				CLANG_CXX_LANGUAGE_STANDARD = "gnu++20";
				CLANG_ENABLE_MODULES = YES;
				CLANG_ENABLE_OBJC_ARC = YES;
				CLANG_ENABLE_OBJC_WEAK = YES;
				CLANG_WARN_BLOCK_CAPTURE_AUTORELEASING = YES;
				CLANG_WARN_BOOL_CONVERSION = YES;
				CLANG_WARN_COMMA = YES;
				CLANG_WARN_CONSTANT_CONVERSION = YES;
				CLANG_WARN_DEPRECATED_OBJC_IMPLEMENTATIONS = YES;
				CLANG_WARN_DIRECT_OBJC_ISA_USAGE = YES_ERROR;
				CLANG_WARN_DOCUMENTATION_COMMENTS = YES;
				CLANG_WARN_EMPTY_BODY = YES;
				CLANG_WARN_ENUM_CONVERSION = YES;
				CLANG_WARN_INFINITE_RECURSION = YES;
				CLANG_WARN_INT_CONVERSION = YES;
				CLANG_WARN_NON_LITERAL_NULL_CONVERSION = YES;
				CLANG_WARN_OBJC_IMPLICIT_RETAIN_SELF = YES;
				CLANG_WARN_OBJC_LITERAL_CONVERSION = YES;
				CLANG_WARN_OBJC_ROOT_CLASS = YES_ERROR;
				CLANG_WARN_QUOTED_INCLUDE_IN_FRAMEWORK_HEADER = YES;
				CLANG_WARN_RANGE_LOOP_ANALYSIS = YES;
				CLANG_WARN_STRICT_PROTOTYPES = YES;
				CLANG_WARN_SUSPICIOUS_MOVE = YES;
				CLANG_WARN_UNGUARDED_AVAILABILITY = YES_AGGRESSIVE;
				CLANG_WARN_UNREACHABLE_CODE = YES;
				CLANG_WARN__DUPLICATE_METHOD_MATCH = YES;
				COPY_PHASE_STRIP = NO;
				DEBUG_INFORMATION_FORMAT = "dwarf-with-dsym";
				ENABLE_NS_ASSERTIONS = NO;
				ENABLE_STRICT_OBJC_MSGSEND = YES;
				GCC_C_LANGUAGE_STANDARD = gnu11;
				GCC_NO_COMMON_BLOCKS = YES;
				GCC_WARN_64_TO_32_BIT_CONVERSION = YES;
				GCC_WARN_ABOUT_RETURN_TYPE = YES_ERROR;
				GCC_WARN_UNDECLARED_SELECTOR = YES;
				GCC_WARN_UNINITIALIZED_AUTOS = YES_AGGRESSIVE;
				GCC_WARN_UNUSED_FUNCTION = YES;
				GCC_WARN_UNUSED_VARIABLE = YES;
				IPHONEOS_DEPLOYMENT_TARGET = 16.0;
				MTL_ENABLE_DEBUG_INFO = NO;
				MTL_FAST_MATH = YES;
				SDKROOT = iphoneos;
				SWIFT_COMPILATION_MODE = wholemodule;
				SWIFT_OPTIMIZATION_LEVEL = "-O";
				VALIDATE_PRODUCT = YES;
			};
			name = Release;
		};
		F62DD42529004090008FD48C /* Debug */ = {
			isa = XCBuildConfiguration;
			buildSettings = {
				ASSETCATALOG_COMPILER_APPICON_NAME = AppIcon;
				ASSETCATALOG_COMPILER_GLOBAL_ACCENT_COLOR_NAME = AccentColor;
				CODE_SIGN_STYLE = Automatic;
				CURRENT_PROJECT_VERSION = 1;
				GENERATE_INFOPLIST_FILE = YES;
				INFOPLIST_FILE = FirstProject/Info.plist;
				INFOPLIST_KEY_UIApplicationSupportsIndirectInputEvents = YES;
				INFOPLIST_KEY_UILaunchStoryboardName = LaunchScreen;
				INFOPLIST_KEY_UIMainStoryboardFile = Main;
				INFOPLIST_KEY_UISupportedInterfaceOrientations_iPad = "UIInterfaceOrientationPortrait UIInterfaceOrientationPortraitUpsideDown UIInterfaceOrientationLandscapeLeft UIInterfaceOrientationLandscapeRight";
				INFOPLIST_KEY_UISupportedInterfaceOrientations_iPhone = "UIInterfaceOrientationPortrait UIInterfaceOrientationLandscapeLeft UIInterfaceOrientationLandscapeRight";
				LD_RUNPATH_SEARCH_PATHS = (
					"$(inherited)",
					"@executable_path/Frameworks",
				);
				MARKETING_VERSION = 1.0;
				PRODUCT_BUNDLE_IDENTIFIER = "Dityakin-Andrew.FirstProject";
				PRODUCT_NAME = "$(TARGET_NAME)";
				SWIFT_EMIT_LOC_STRINGS = YES;
				SWIFT_VERSION = 5.0;
				TARGETED_DEVICE_FAMILY = "1,2";
			};
			name = Debug;
		};
		F62DD42629004090008FD48C /* Release */ = {
			isa = XCBuildConfiguration;
			buildSettings = {
				ASSETCATALOG_COMPILER_APPICON_NAME = AppIcon;
				ASSETCATALOG_COMPILER_GLOBAL_ACCENT_COLOR_NAME = AccentColor;
				CODE_SIGN_STYLE = Automatic;
				CURRENT_PROJECT_VERSION = 1;
				GENERATE_INFOPLIST_FILE = YES;
				INFOPLIST_FILE = FirstProject/Info.plist;
				INFOPLIST_KEY_UIApplicationSupportsIndirectInputEvents = YES;
				INFOPLIST_KEY_UILaunchStoryboardName = LaunchScreen;
				INFOPLIST_KEY_UIMainStoryboardFile = Main;
				INFOPLIST_KEY_UISupportedInterfaceOrientations_iPad = "UIInterfaceOrientationPortrait UIInterfaceOrientationPortraitUpsideDown UIInterfaceOrientationLandscapeLeft UIInterfaceOrientationLandscapeRight";
				INFOPLIST_KEY_UISupportedInterfaceOrientations_iPhone = "UIInterfaceOrientationPortrait UIInterfaceOrientationLandscapeLeft UIInterfaceOrientationLandscapeRight";
				LD_RUNPATH_SEARCH_PATHS = (
					"$(inherited)",
					"@executable_path/Frameworks",
				);
				MARKETING_VERSION = 1.0;
				PRODUCT_BUNDLE_IDENTIFIER = "Dityakin-Andrew.FirstProject";
				PRODUCT_NAME = "$(TARGET_NAME)";
				SWIFT_EMIT_LOC_STRINGS = YES;
				SWIFT_VERSION = 5.0;
				TARGETED_DEVICE_FAMILY = "1,2";
			};
			name = Release;
		};
/* End XCBuildConfiguration section */

/* Begin XCConfigurationList section */
		F62DD40B29004090008FD48C /* Build configuration list for PBXProject "FirstProject" */ = {
			isa = XCConfigurationList;
			buildConfigurations = (
				F62DD42229004090008FD48C /* Debug */,
				F62DD42329004090008FD48C /* Release */,
			);
			defaultConfigurationIsVisible = 0;
			defaultConfigurationName = Release;
		};
		F62DD42429004090008FD48C /* Build configuration list for PBXNativeTarget "FirstProject" */ = {
			isa = XCConfigurationList;
			buildConfigurations = (
				F62DD42529004090008FD48C /* Debug */,
				F62DD42629004090008FD48C /* Release */,
			);
			defaultConfigurationIsVisible = 0;
			defaultConfigurationName = Release;
		};
/* End XCConfigurationList section */
	};
	rootObject = F62DD40829004090008FD48C /* Project object */;
}
