// !$*UTF8*$!
{
	archiveVersion = 1;
	classes = {
	};
	objectVersion = 50;
	objects = {

/* Begin PBXBuildFile section */
		494A9BA225EAEDAF00EF07BB /* FriendsTableViewController.swift in Sources */ = {isa = PBXBuildFile; fileRef = 494A9BA125EAEDAF00EF07BB /* FriendsTableViewController.swift */; };
		494A9BA525EAF4DB00EF07BB /* FriendsTableViewCell.swift in Sources */ = {isa = PBXBuildFile; fileRef = 494A9BA425EAF4DB00EF07BB /* FriendsTableViewCell.swift */; };
		4967C59725EBA02D008579C7 /* Friend.swift in Sources */ = {isa = PBXBuildFile; fileRef = 4967C59625EBA02D008579C7 /* Friend.swift */; };
		4967C59A25EBAA29008579C7 /* FriendsCollectionViewController.swift in Sources */ = {isa = PBXBuildFile; fileRef = 4967C59925EBAA29008579C7 /* FriendsCollectionViewController.swift */; };
		499D46DA26B4727F00CCC750 /* GroupsTableViewController.swift in Sources */ = {isa = PBXBuildFile; fileRef = 499D46D926B4727F00CCC750 /* GroupsTableViewController.swift */; };
		499D46DC26B4736500CCC750 /* GroupsTableViewCell.swift in Sources */ = {isa = PBXBuildFile; fileRef = 499D46DB26B4736500CCC750 /* GroupsTableViewCell.swift */; };
		499D46DE26B4785500CCC750 /* FriendsCollectionViewCell.swift in Sources */ = {isa = PBXBuildFile; fileRef = 499D46DD26B4785500CCC750 /* FriendsCollectionViewCell.swift */; };
		499D46E226B49A9700CCC750 /* Group.swift in Sources */ = {isa = PBXBuildFile; fileRef = 499D46E126B49A9700CCC750 /* Group.swift */; };
		499D46EA26B4A42F00CCC750 /* AvaliableGroupsTableViewController.swift in Sources */ = {isa = PBXBuildFile; fileRef = 499D46E926B4A42F00CCC750 /* AvaliableGroupsTableViewController.swift */; };
		499D46EC26B4A47600CCC750 /* AvaliableGroupsTableViewCell.swift in Sources */ = {isa = PBXBuildFile; fileRef = 499D46EB26B4A47600CCC750 /* AvaliableGroupsTableViewCell.swift */; };
		49F5213B25D92B4A00747C08 /* AppDelegate.swift in Sources */ = {isa = PBXBuildFile; fileRef = 49F5213A25D92B4A00747C08 /* AppDelegate.swift */; };
		49F5213D25D92B4A00747C08 /* SceneDelegate.swift in Sources */ = {isa = PBXBuildFile; fileRef = 49F5213C25D92B4A00747C08 /* SceneDelegate.swift */; };
		49F5213F25D92B4A00747C08 /* LoginController.swift in Sources */ = {isa = PBXBuildFile; fileRef = 49F5213E25D92B4A00747C08 /* LoginController.swift */; };
		49F5214225D92B4A00747C08 /* Main.storyboard in Resources */ = {isa = PBXBuildFile; fileRef = 49F5214025D92B4A00747C08 /* Main.storyboard */; };
		49F5214425D92B4B00747C08 /* Assets.xcassets in Resources */ = {isa = PBXBuildFile; fileRef = 49F5214325D92B4B00747C08 /* Assets.xcassets */; };
		49F5214725D92B4B00747C08 /* LaunchScreen.storyboard in Resources */ = {isa = PBXBuildFile; fileRef = 49F5214525D92B4B00747C08 /* LaunchScreen.storyboard */; };
/* End PBXBuildFile section */

/* Begin PBXFileReference section */
		492379B925D9854900CA5B1A /* en */ = {isa = PBXFileReference; lastKnownFileType = file.storyboard; name = en; path = en.lproj/Main.storyboard; sourceTree = "<group>"; };
		494A9BA125EAEDAF00EF07BB /* FriendsTableViewController.swift */ = {isa = PBXFileReference; lastKnownFileType = sourcecode.swift; path = FriendsTableViewController.swift; sourceTree = "<group>"; };
		494A9BA425EAF4DB00EF07BB /* FriendsTableViewCell.swift */ = {isa = PBXFileReference; lastKnownFileType = sourcecode.swift; path = FriendsTableViewCell.swift; sourceTree = "<group>"; };
		4967C59625EBA02D008579C7 /* Friend.swift */ = {isa = PBXFileReference; lastKnownFileType = sourcecode.swift; path = Friend.swift; sourceTree = "<group>"; };
		4967C59925EBAA29008579C7 /* FriendsCollectionViewController.swift */ = {isa = PBXFileReference; lastKnownFileType = sourcecode.swift; path = FriendsCollectionViewController.swift; sourceTree = "<group>"; };
		499D46D926B4727F00CCC750 /* GroupsTableViewController.swift */ = {isa = PBXFileReference; lastKnownFileType = sourcecode.swift; path = GroupsTableViewController.swift; sourceTree = "<group>"; };
		499D46DB26B4736500CCC750 /* GroupsTableViewCell.swift */ = {isa = PBXFileReference; lastKnownFileType = sourcecode.swift; path = GroupsTableViewCell.swift; sourceTree = "<group>"; };
		499D46DD26B4785500CCC750 /* FriendsCollectionViewCell.swift */ = {isa = PBXFileReference; lastKnownFileType = sourcecode.swift; path = FriendsCollectionViewCell.swift; sourceTree = "<group>"; };
		499D46E126B49A9700CCC750 /* Group.swift */ = {isa = PBXFileReference; lastKnownFileType = sourcecode.swift; name = Group.swift; path = "Social Network/Models/Group.swift"; sourceTree = SOURCE_ROOT; };
		499D46E926B4A42F00CCC750 /* AvaliableGroupsTableViewController.swift */ = {isa = PBXFileReference; lastKnownFileType = sourcecode.swift; path = AvaliableGroupsTableViewController.swift; sourceTree = "<group>"; };
		499D46EB26B4A47600CCC750 /* AvaliableGroupsTableViewCell.swift */ = {isa = PBXFileReference; lastKnownFileType = sourcecode.swift; path = AvaliableGroupsTableViewCell.swift; sourceTree = "<group>"; };
		49F5213725D92B4A00747C08 /* Social Network.app */ = {isa = PBXFileReference; explicitFileType = wrapper.application; includeInIndex = 0; path = "Social Network.app"; sourceTree = BUILT_PRODUCTS_DIR; };
		49F5213A25D92B4A00747C08 /* AppDelegate.swift */ = {isa = PBXFileReference; lastKnownFileType = sourcecode.swift; path = AppDelegate.swift; sourceTree = "<group>"; };
		49F5213C25D92B4A00747C08 /* SceneDelegate.swift */ = {isa = PBXFileReference; lastKnownFileType = sourcecode.swift; path = SceneDelegate.swift; sourceTree = "<group>"; };
		49F5213E25D92B4A00747C08 /* LoginController.swift */ = {isa = PBXFileReference; lastKnownFileType = sourcecode.swift; path = LoginController.swift; sourceTree = "<group>"; };
		49F5214325D92B4B00747C08 /* Assets.xcassets */ = {isa = PBXFileReference; lastKnownFileType = folder.assetcatalog; path = Assets.xcassets; sourceTree = "<group>"; };
		49F5214625D92B4B00747C08 /* Base */ = {isa = PBXFileReference; lastKnownFileType = file.storyboard; name = Base; path = Base.lproj/LaunchScreen.storyboard; sourceTree = "<group>"; };
		49F5214825D92B4B00747C08 /* Info.plist */ = {isa = PBXFileReference; lastKnownFileType = text.plist.xml; path = Info.plist; sourceTree = "<group>"; };
/* End PBXFileReference section */

/* Begin PBXFrameworksBuildPhase section */
		49F5213425D92B4A00747C08 /* Frameworks */ = {
			isa = PBXFrameworksBuildPhase;
			buildActionMask = 2147483647;
			files = (
			);
			runOnlyForDeploymentPostprocessing = 0;
		};
/* End PBXFrameworksBuildPhase section */

/* Begin PBXGroup section */
		4967C59425EB9FD8008579C7 /* Friends */ = {
			isa = PBXGroup;
			children = (
				499D46E426B4A1F600CCC750 /* FriendInfo */,
				499D46E326B4A1C100CCC750 /* FriendsList */,
			);
			path = Friends;
			sourceTree = "<group>";
		};
		499D46D726B46F1900CCC750 /* Models */ = {
			isa = PBXGroup;
			children = (
				4967C59625EBA02D008579C7 /* Friend.swift */,
				499D46E126B49A9700CCC750 /* Group.swift */,
			);
			path = Models;
			sourceTree = "<group>";
		};
		499D46D826B4719400CCC750 /* Groups */ = {
			isa = PBXGroup;
			children = (
				499D46E826B4A26500CCC750 /* AddedGroups */,
				499D46E626B4A23100CCC750 /* AvaliableGroups */,
			);
			path = Groups;
			sourceTree = "<group>";
		};
		499D46E326B4A1C100CCC750 /* FriendsList */ = {
			isa = PBXGroup;
			children = (
				494A9BA125EAEDAF00EF07BB /* FriendsTableViewController.swift */,
				494A9BA425EAF4DB00EF07BB /* FriendsTableViewCell.swift */,
			);
			path = FriendsList;
			sourceTree = "<group>";
		};
		499D46E426B4A1F600CCC750 /* FriendInfo */ = {
			isa = PBXGroup;
			children = (
				4967C59925EBAA29008579C7 /* FriendsCollectionViewController.swift */,
				499D46DD26B4785500CCC750 /* FriendsCollectionViewCell.swift */,
			);
			path = FriendInfo;
			sourceTree = "<group>";
		};
		499D46E626B4A23100CCC750 /* AvaliableGroups */ = {
			isa = PBXGroup;
			children = (
				499D46E926B4A42F00CCC750 /* AvaliableGroupsTableViewController.swift */,
				499D46EB26B4A47600CCC750 /* AvaliableGroupsTableViewCell.swift */,
			);
			path = AvaliableGroups;
			sourceTree = "<group>";
		};
		499D46E826B4A26500CCC750 /* AddedGroups */ = {
			isa = PBXGroup;
			children = (
				499D46DB26B4736500CCC750 /* GroupsTableViewCell.swift */,
				499D46D926B4727F00CCC750 /* GroupsTableViewController.swift */,
			);
			path = AddedGroups;
			sourceTree = "<group>";
		};
		49F5212E25D92B4A00747C08 = {
			isa = PBXGroup;
			children = (
				49F5213925D92B4A00747C08 /* Social Network */,
				49F5213825D92B4A00747C08 /* Products */,
			);
			sourceTree = "<group>";
		};
		49F5213825D92B4A00747C08 /* Products */ = {
			isa = PBXGroup;
			children = (
				49F5213725D92B4A00747C08 /* Social Network.app */,
			);
			name = Products;
			sourceTree = "<group>";
		};
		49F5213925D92B4A00747C08 /* Social Network */ = {
			isa = PBXGroup;
			children = (
				499D46D726B46F1900CCC750 /* Models */,
				49FCD40026B444A900A59F5C /* Scenes */,
				49F5213A25D92B4A00747C08 /* AppDelegate.swift */,
				49F5213C25D92B4A00747C08 /* SceneDelegate.swift */,
				49F5214025D92B4A00747C08 /* Main.storyboard */,
				49F5214325D92B4B00747C08 /* Assets.xcassets */,
				49F5214525D92B4B00747C08 /* LaunchScreen.storyboard */,
				49F5214825D92B4B00747C08 /* Info.plist */,
			);
			path = "Social Network";
			sourceTree = "<group>";
		};
		49FCD40026B444A900A59F5C /* Scenes */ = {
			isa = PBXGroup;
			children = (
				499D46D826B4719400CCC750 /* Groups */,
				49FCD40126B44BC000A59F5C /* Login */,
				4967C59425EB9FD8008579C7 /* Friends */,
			);
			path = Scenes;
			sourceTree = "<group>";
		};
		49FCD40126B44BC000A59F5C /* Login */ = {
			isa = PBXGroup;
			children = (
				49F5213E25D92B4A00747C08 /* LoginController.swift */,
			);
			path = Login;
			sourceTree = "<group>";
		};
/* End PBXGroup section */

/* Begin PBXNativeTarget section */
		49F5213625D92B4A00747C08 /* Social Network */ = {
			isa = PBXNativeTarget;
			buildConfigurationList = 49F5214B25D92B4B00747C08 /* Build configuration list for PBXNativeTarget "Social Network" */;
			buildPhases = (
				49F5213325D92B4A00747C08 /* Sources */,
				49F5213425D92B4A00747C08 /* Frameworks */,
				49F5213525D92B4A00747C08 /* Resources */,
			);
			buildRules = (
			);
			dependencies = (
			);
			name = "Social Network";
			productName = "Social Network";
			productReference = 49F5213725D92B4A00747C08 /* Social Network.app */;
			productType = "com.apple.product-type.application";
		};
/* End PBXNativeTarget section */

/* Begin PBXProject section */
		49F5212F25D92B4A00747C08 /* Project object */ = {
			isa = PBXProject;
			attributes = {
				LastSwiftUpdateCheck = 1240;
				LastUpgradeCheck = 1240;
				TargetAttributes = {
					49F5213625D92B4A00747C08 = {
						CreatedOnToolsVersion = 12.4;
					};
				};
			};
			buildConfigurationList = 49F5213225D92B4A00747C08 /* Build configuration list for PBXProject "Social Network" */;
			compatibilityVersion = "Xcode 9.3";
			developmentRegion = en;
			hasScannedForEncodings = 0;
			knownRegions = (
				en,
				Base,
			);
			mainGroup = 49F5212E25D92B4A00747C08;
			productRefGroup = 49F5213825D92B4A00747C08 /* Products */;
			projectDirPath = "";
			projectRoot = "";
			targets = (
				49F5213625D92B4A00747C08 /* Social Network */,
			);
		};
/* End PBXProject section */

/* Begin PBXResourcesBuildPhase section */
		49F5213525D92B4A00747C08 /* Resources */ = {
			isa = PBXResourcesBuildPhase;
			buildActionMask = 2147483647;
			files = (
				49F5214725D92B4B00747C08 /* LaunchScreen.storyboard in Resources */,
				49F5214425D92B4B00747C08 /* Assets.xcassets in Resources */,
				49F5214225D92B4A00747C08 /* Main.storyboard in Resources */,
			);
			runOnlyForDeploymentPostprocessing = 0;
		};
/* End PBXResourcesBuildPhase section */

/* Begin PBXSourcesBuildPhase section */
		49F5213325D92B4A00747C08 /* Sources */ = {
			isa = PBXSourcesBuildPhase;
			buildActionMask = 2147483647;
			files = (
				499D46E226B49A9700CCC750 /* Group.swift in Sources */,
				49F5213F25D92B4A00747C08 /* LoginController.swift in Sources */,
				499D46DA26B4727F00CCC750 /* GroupsTableViewController.swift in Sources */,
				499D46EA26B4A42F00CCC750 /* AvaliableGroupsTableViewController.swift in Sources */,
				499D46DE26B4785500CCC750 /* FriendsCollectionViewCell.swift in Sources */,
				494A9BA225EAEDAF00EF07BB /* FriendsTableViewController.swift in Sources */,
				49F5213B25D92B4A00747C08 /* AppDelegate.swift in Sources */,
				499D46DC26B4736500CCC750 /* GroupsTableViewCell.swift in Sources */,
				4967C59A25EBAA29008579C7 /* FriendsCollectionViewController.swift in Sources */,
				4967C59725EBA02D008579C7 /* Friend.swift in Sources */,
				494A9BA525EAF4DB00EF07BB /* FriendsTableViewCell.swift in Sources */,
				499D46EC26B4A47600CCC750 /* AvaliableGroupsTableViewCell.swift in Sources */,
				49F5213D25D92B4A00747C08 /* SceneDelegate.swift in Sources */,
			);
			runOnlyForDeploymentPostprocessing = 0;
		};
/* End PBXSourcesBuildPhase section */

/* Begin PBXVariantGroup section */
		49F5214025D92B4A00747C08 /* Main.storyboard */ = {
			isa = PBXVariantGroup;
			children = (
				492379B925D9854900CA5B1A /* en */,
			);
			name = Main.storyboard;
			sourceTree = "<group>";
		};
		49F5214525D92B4B00747C08 /* LaunchScreen.storyboard */ = {
			isa = PBXVariantGroup;
			children = (
				49F5214625D92B4B00747C08 /* Base */,
			);
			name = LaunchScreen.storyboard;
			sourceTree = "<group>";
		};
/* End PBXVariantGroup section */

/* Begin XCBuildConfiguration section */
		49F5214925D92B4B00747C08 /* Debug */ = {
			isa = XCBuildConfiguration;
			buildSettings = {
				ALWAYS_SEARCH_USER_PATHS = NO;
				CLANG_ANALYZER_NONNULL = YES;
				CLANG_ANALYZER_NUMBER_OBJECT_CONVERSION = YES_AGGRESSIVE;
				CLANG_CXX_LANGUAGE_STANDARD = "gnu++14";
				CLANG_CXX_LIBRARY = "libc++";
				CLANG_ENABLE_MODULES = YES;
				CLANG_ENABLE_OBJC_ARC = YES;
				CLANG_ENABLE_OBJC_WEAK = YES;
				CLANG_WARN_BLOCK_CAPTURE_AUTORELEASING = YES;
				CLANG_WARN_BOOL_CONVERSION = YES;
				CLANG_WARN_COMMA = YES;
				CLANG_WARN_CONSTANT_CONVERSION = YES;
				CLANG_WARN_DEPRECATED_OBJC_IMPLEMENTATIONS = YES;
				CLANG_WARN_DIRECT_OBJC_ISA_USAGE = YES_ERROR;
				CLANG_WARN_DOCUMENTATION_COMMENTS = YES;
				CLANG_WARN_EMPTY_BODY = YES;
				CLANG_WARN_ENUM_CONVERSION = YES;
				CLANG_WARN_INFINITE_RECURSION = YES;
				CLANG_WARN_INT_CONVERSION = YES;
				CLANG_WARN_NON_LITERAL_NULL_CONVERSION = YES;
				CLANG_WARN_OBJC_IMPLICIT_RETAIN_SELF = YES;
				CLANG_WARN_OBJC_LITERAL_CONVERSION = YES;
				CLANG_WARN_OBJC_ROOT_CLASS = YES_ERROR;
				CLANG_WARN_QUOTED_INCLUDE_IN_FRAMEWORK_HEADER = YES;
				CLANG_WARN_RANGE_LOOP_ANALYSIS = YES;
				CLANG_WARN_STRICT_PROTOTYPES = YES;
				CLANG_WARN_SUSPICIOUS_MOVE = YES;
				CLANG_WARN_UNGUARDED_AVAILABILITY = YES_AGGRESSIVE;
				CLANG_WARN_UNREACHABLE_CODE = YES;
				CLANG_WARN__DUPLICATE_METHOD_MATCH = YES;
				COPY_PHASE_STRIP = NO;
				DEBUG_INFORMATION_FORMAT = dwarf;
				ENABLE_STRICT_OBJC_MSGSEND = YES;
				ENABLE_TESTABILITY = YES;
				GCC_C_LANGUAGE_STANDARD = gnu11;
				GCC_DYNAMIC_NO_PIC = NO;
				GCC_NO_COMMON_BLOCKS = YES;
				GCC_OPTIMIZATION_LEVEL = 0;
				GCC_PREPROCESSOR_DEFINITIONS = (
					"DEBUG=1",
					"$(inherited)",
				);
				GCC_WARN_64_TO_32_BIT_CONVERSION = YES;
				GCC_WARN_ABOUT_RETURN_TYPE = YES_ERROR;
				GCC_WARN_UNDECLARED_SELECTOR = YES;
				GCC_WARN_UNINITIALIZED_AUTOS = YES_AGGRESSIVE;
				GCC_WARN_UNUSED_FUNCTION = YES;
				GCC_WARN_UNUSED_VARIABLE = YES;
				IPHONEOS_DEPLOYMENT_TARGET = 14.4;
				MTL_ENABLE_DEBUG_INFO = INCLUDE_SOURCE;
				MTL_FAST_MATH = YES;
				ONLY_ACTIVE_ARCH = YES;
				SDKROOT = iphoneos;
				SWIFT_ACTIVE_COMPILATION_CONDITIONS = DEBUG;
				SWIFT_OPTIMIZATION_LEVEL = "-Onone";
			};
			name = Debug;
		};
		49F5214A25D92B4B00747C08 /* Release */ = {
			isa = XCBuildConfiguration;
			buildSettings = {
				ALWAYS_SEARCH_USER_PATHS = NO;
				CLANG_ANALYZER_NONNULL = YES;
				CLANG_ANALYZER_NUMBER_OBJECT_CONVERSION = YES_AGGRESSIVE;
				CLANG_CXX_LANGUAGE_STANDARD = "gnu++14";
				CLANG_CXX_LIBRARY = "libc++";
				CLANG_ENABLE_MODULES = YES;
				CLANG_ENABLE_OBJC_ARC = YES;
				CLANG_ENABLE_OBJC_WEAK = YES;
				CLANG_WARN_BLOCK_CAPTURE_AUTORELEASING = YES;
				CLANG_WARN_BOOL_CONVERSION = YES;
				CLANG_WARN_COMMA = YES;
				CLANG_WARN_CONSTANT_CONVERSION = YES;
				CLANG_WARN_DEPRECATED_OBJC_IMPLEMENTATIONS = YES;
				CLANG_WARN_DIRECT_OBJC_ISA_USAGE = YES_ERROR;
				CLANG_WARN_DOCUMENTATION_COMMENTS = YES;
				CLANG_WARN_EMPTY_BODY = YES;
				CLANG_WARN_ENUM_CONVERSION = YES;
				CLANG_WARN_INFINITE_RECURSION = YES;
				CLANG_WARN_INT_CONVERSION = YES;
				CLANG_WARN_NON_LITERAL_NULL_CONVERSION = YES;
				CLANG_WARN_OBJC_IMPLICIT_RETAIN_SELF = YES;
				CLANG_WARN_OBJC_LITERAL_CONVERSION = YES;
				CLANG_WARN_OBJC_ROOT_CLASS = YES_ERROR;
				CLANG_WARN_QUOTED_INCLUDE_IN_FRAMEWORK_HEADER = YES;
				CLANG_WARN_RANGE_LOOP_ANALYSIS = YES;
				CLANG_WARN_STRICT_PROTOTYPES = YES;
				CLANG_WARN_SUSPICIOUS_MOVE = YES;
				CLANG_WARN_UNGUARDED_AVAILABILITY = YES_AGGRESSIVE;
				CLANG_WARN_UNREACHABLE_CODE = YES;
				CLANG_WARN__DUPLICATE_METHOD_MATCH = YES;
				COPY_PHASE_STRIP = NO;
				DEBUG_INFORMATION_FORMAT = "dwarf-with-dsym";
				ENABLE_NS_ASSERTIONS = NO;
				ENABLE_STRICT_OBJC_MSGSEND = YES;
				GCC_C_LANGUAGE_STANDARD = gnu11;
				GCC_NO_COMMON_BLOCKS = YES;
				GCC_WARN_64_TO_32_BIT_CONVERSION = YES;
				GCC_WARN_ABOUT_RETURN_TYPE = YES_ERROR;
				GCC_WARN_UNDECLARED_SELECTOR = YES;
				GCC_WARN_UNINITIALIZED_AUTOS = YES_AGGRESSIVE;
				GCC_WARN_UNUSED_FUNCTION = YES;
				GCC_WARN_UNUSED_VARIABLE = YES;
				IPHONEOS_DEPLOYMENT_TARGET = 14.4;
				MTL_ENABLE_DEBUG_INFO = NO;
				MTL_FAST_MATH = YES;
				SDKROOT = iphoneos;
				SWIFT_COMPILATION_MODE = wholemodule;
				SWIFT_OPTIMIZATION_LEVEL = "-O";
				VALIDATE_PRODUCT = YES;
			};
			name = Release;
		};
		49F5214C25D92B4B00747C08 /* Debug */ = {
			isa = XCBuildConfiguration;
			buildSettings = {
				ASSETCATALOG_COMPILER_APPICON_NAME = AppIcon;
				ASSETCATALOG_COMPILER_GLOBAL_ACCENT_COLOR_NAME = AccentColor;
				CODE_SIGN_STYLE = Automatic;
				DEVELOPMENT_TEAM = G3LL8JZALK;
				INFOPLIST_FILE = "Social Network/Info.plist";
				LD_RUNPATH_SEARCH_PATHS = (
					"$(inherited)",
					"@executable_path/Frameworks",
				);
				PRODUCT_BUNDLE_IDENTIFIER = "ditray.Social-Network";
				PRODUCT_NAME = "$(TARGET_NAME)";
				SWIFT_VERSION = 5.0;
				TARGETED_DEVICE_FAMILY = "1,2";
			};
			name = Debug;
		};
		49F5214D25D92B4B00747C08 /* Release */ = {
			isa = XCBuildConfiguration;
			buildSettings = {
				ASSETCATALOG_COMPILER_APPICON_NAME = AppIcon;
				ASSETCATALOG_COMPILER_GLOBAL_ACCENT_COLOR_NAME = AccentColor;
				CODE_SIGN_STYLE = Automatic;
				DEVELOPMENT_TEAM = G3LL8JZALK;
				INFOPLIST_FILE = "Social Network/Info.plist";
				LD_RUNPATH_SEARCH_PATHS = (
					"$(inherited)",
					"@executable_path/Frameworks",
				);
				PRODUCT_BUNDLE_IDENTIFIER = "ditray.Social-Network";
				PRODUCT_NAME = "$(TARGET_NAME)";
				SWIFT_VERSION = 5.0;
				TARGETED_DEVICE_FAMILY = "1,2";
			};
			name = Release;
		};
/* End XCBuildConfiguration section */

/* Begin XCConfigurationList section */
		49F5213225D92B4A00747C08 /* Build configuration list for PBXProject "Social Network" */ = {
			isa = XCConfigurationList;
			buildConfigurations = (
				49F5214925D92B4B00747C08 /* Debug */,
				49F5214A25D92B4B00747C08 /* Release */,
			);
			defaultConfigurationIsVisible = 0;
			defaultConfigurationName = Release;
		};
		49F5214B25D92B4B00747C08 /* Build configuration list for PBXNativeTarget "Social Network" */ = {
			isa = XCConfigurationList;
			buildConfigurations = (
				49F5214C25D92B4B00747C08 /* Debug */,
				49F5214D25D92B4B00747C08 /* Release */,
			);
			defaultConfigurationIsVisible = 0;
			defaultConfigurationName = Release;
		};
/* End XCConfigurationList section */
	};
	rootObject = 49F5212F25D92B4A00747C08 /* Project object */;
}
